Microsoft Visual Studio Solution File, Format Version 11.00
# Visual Studio 2008

Project("{16514750-253B-CED1-7DD9-52DD5DE49719}") = "gravity cube", "Assembly-CSharp-firstpass.csproj", "{17C89D2C-0074-B153-D733-7223398B2026}"
EndProject
Project("{16514750-253B-CED1-7DD9-52DD5DE49719}") = "gravity cube", "Assembly-CSharp.csproj", "{7604E075-19BB-1FB9-4A4F-58FC8FAD921C}"
EndProject
Project("{16514750-253B-CED1-7DD9-52DD5DE49719}") = "gravity cube", "Assembly-UnityScript-firstpass.unityproj", "{A7F70953-9D60-BAAD-9450-733A1CE8F298}"
EndProject
Project("{16514750-253B-CED1-7DD9-52DD5DE49719}") = "gravity cube", "Assembly-UnityScript.unityproj", "{918EFDD2-9859-EF65-85B5-4D1202A21DF4}"
EndProject
Project("{16514750-253B-CED1-7DD9-52DD5DE49719}") = "gravity cube", "Assembly-UnityScript-Editor.unityproj", "{12A46818-F046-D756-5DCD-FC32B9B9252A}"
EndProject
Global
	GlobalSection(SolutionConfigurationPlatforms) = preSolution
		Debug|Any CPU = Debug|Any CPU
		Release|Any CPU = Release|Any CPU
	EndGlobalSection
	GlobalSection(ProjectConfigurationPlatforms) = postSolution
		{17C89D2C-0074-B153-D733-7223398B2026}.Debug|Any CPU.ActiveCfg = Debug|Any CPU
		{17C89D2C-0074-B153-D733-7223398B2026}.Debug|Any CPU.Build.0 = Debug|Any CPU
		{17C89D2C-0074-B153-D733-7223398B2026}.Release|Any CPU.ActiveCfg = Release|Any CPU
		{17C89D2C-0074-B153-D733-7223398B2026}.Release|Any CPU.Build.0 = Release|Any CPU
		{7604E075-19BB-1FB9-4A4F-58FC8FAD921C}.Debug|Any CPU.ActiveCfg = Debug|Any CPU
		{7604E075-19BB-1FB9-4A4F-58FC8FAD921C}.Debug|Any CPU.Build.0 = Debug|Any CPU
		{7604E075-19BB-1FB9-4A4F-58FC8FAD921C}.Release|Any CPU.ActiveCfg = Release|Any CPU
		{7604E075-19BB-1FB9-4A4F-58FC8FAD921C}.Release|Any CPU.Build.0 = Release|Any CPU
		{A7F70953-9D60-BAAD-9450-733A1CE8F298}.Debug|Any CPU.ActiveCfg = Debug|Any CPU
		{A7F70953-9D60-BAAD-9450-733A1CE8F298}.Debug|Any CPU.Build.0 = Debug|Any CPU
		{A7F70953-9D60-BAAD-9450-733A1CE8F298}.Release|Any CPU.ActiveCfg = Release|Any CPU
		{A7F70953-9D60-BAAD-9450-733A1CE8F298}.Release|Any CPU.Build.0 = Release|Any CPU
		{918EFDD2-9859-EF65-85B5-4D1202A21DF4}.Debug|Any CPU.ActiveCfg = Debug|Any CPU
		{918EFDD2-9859-EF65-85B5-4D1202A21DF4}.Debug|Any CPU.Build.0 = Debug|Any CPU
		{918EFDD2-9859-EF65-85B5-4D1202A21DF4}.Release|Any CPU.ActiveCfg = Release|Any CPU
		{918EFDD2-9859-EF65-85B5-4D1202A21DF4}.Release|Any CPU.Build.0 = Release|Any CPU
		{12A46818-F046-D756-5DCD-FC32B9B9252A}.Debug|Any CPU.ActiveCfg = Debug|Any CPU
		{12A46818-F046-D756-5DCD-FC32B9B9252A}.Debug|Any CPU.Build.0 = Debug|Any CPU
		{12A46818-F046-D756-5DCD-FC32B9B9252A}.Release|Any CPU.ActiveCfg = Release|Any CPU
		{12A46818-F046-D756-5DCD-FC32B9B9252A}.Release|Any CPU.Build.0 = Release|Any CPU
	EndGlobalSection
	GlobalSection(SolutionProperties) = preSolution
		HideSolutionNode = FALSE
	EndGlobalSection
																																																																																																																																																																																																																																																																																																											GlobalSection(MonoDevelopProperties) = preSolution
		StartupItem = Assembly-CSharp.csproj
		Policies = $0
		$0.TextStylePolicy = $1
		$1.inheritsSet = null
		$1.scope = text/x-csharp
		$0.CSharpFormattingPolicy = $2
		$2.inheritsSet = Mono
		$2.inheritsScope = text/x-csharp
		$2.scope = text/x-csharp
		$0.TextStylePolicy = $3
		$3.FileWidth = 120
		$3.TabWidth = 4
		$3.EolMarker = Unix
		$3.inheritsSet = Mono
		$3.inheritsScope = text/plain
		$3.scope = text/plain
	EndGlobalSection

EndGlobal
