Microsoft Visual Studio Solution File, Format Version 11.00
# Visual Studio 2008

Project("{83E6BC71-E1B2-BCB3-3D35-D9801998C971}") = "gravity cube #64", "Assembly-CSharp-firstpass.csproj", "{01DB88A0-9F6F-3E04-DDDA-BD2140BC7B73}"
EndProject
Project("{83E6BC71-E1B2-BCB3-3D35-D9801998C971}") = "gravity cube #64", "Assembly-CSharp.csproj", "{A629847F-2518-DDE4-E3FC-EA724173AC3C}"
EndProject
Project("{83E6BC71-E1B2-BCB3-3D35-D9801998C971}") = "gravity cube #64", "Assembly-UnityScript-firstpass.unityproj", "{2FC8A58A-5006-FBD8-B28D-453847A18E46}"
EndProject
Project("{83E6BC71-E1B2-BCB3-3D35-D9801998C971}") = "gravity cube #64", "Assembly-UnityScript.unityproj", "{EEA2DFF4-AD46-CAF9-E9FD-F6835531F353}"
EndProject
Project("{83E6BC71-E1B2-BCB3-3D35-D9801998C971}") = "gravity cube #64", "Assembly-UnityScript-Editor.unityproj", "{0BA30461-7AE3-E885-6114-8A1FD7EB45F5}"
EndProject
Global
	GlobalSection(SolutionConfigurationPlatforms) = preSolution
		Debug|Any CPU = Debug|Any CPU
		Release|Any CPU = Release|Any CPU
	EndGlobalSection
	GlobalSection(ProjectConfigurationPlatforms) = postSolution
		{01DB88A0-9F6F-3E04-DDDA-BD2140BC7B73}.Debug|Any CPU.ActiveCfg = Debug|Any CPU
		{01DB88A0-9F6F-3E04-DDDA-BD2140BC7B73}.Debug|Any CPU.Build.0 = Debug|Any CPU
		{01DB88A0-9F6F-3E04-DDDA-BD2140BC7B73}.Release|Any CPU.ActiveCfg = Release|Any CPU
		{01DB88A0-9F6F-3E04-DDDA-BD2140BC7B73}.Release|Any CPU.Build.0 = Release|Any CPU
		{A629847F-2518-DDE4-E3FC-EA724173AC3C}.Debug|Any CPU.ActiveCfg = Debug|Any CPU
		{A629847F-2518-DDE4-E3FC-EA724173AC3C}.Debug|Any CPU.Build.0 = Debug|Any CPU
		{A629847F-2518-DDE4-E3FC-EA724173AC3C}.Release|Any CPU.ActiveCfg = Release|Any CPU
		{A629847F-2518-DDE4-E3FC-EA724173AC3C}.Release|Any CPU.Build.0 = Release|Any CPU
		{2FC8A58A-5006-FBD8-B28D-453847A18E46}.Debug|Any CPU.ActiveCfg = Debug|Any CPU
		{2FC8A58A-5006-FBD8-B28D-453847A18E46}.Debug|Any CPU.Build.0 = Debug|Any CPU
		{2FC8A58A-5006-FBD8-B28D-453847A18E46}.Release|Any CPU.ActiveCfg = Release|Any CPU
		{2FC8A58A-5006-FBD8-B28D-453847A18E46}.Release|Any CPU.Build.0 = Release|Any CPU
		{EEA2DFF4-AD46-CAF9-E9FD-F6835531F353}.Debug|Any CPU.ActiveCfg = Debug|Any CPU
		{EEA2DFF4-AD46-CAF9-E9FD-F6835531F353}.Debug|Any CPU.Build.0 = Debug|Any CPU
		{EEA2DFF4-AD46-CAF9-E9FD-F6835531F353}.Release|Any CPU.ActiveCfg = Release|Any CPU
		{EEA2DFF4-AD46-CAF9-E9FD-F6835531F353}.Release|Any CPU.Build.0 = Release|Any CPU
		{0BA30461-7AE3-E885-6114-8A1FD7EB45F5}.Debug|Any CPU.ActiveCfg = Debug|Any CPU
		{0BA30461-7AE3-E885-6114-8A1FD7EB45F5}.Debug|Any CPU.Build.0 = Debug|Any CPU
		{0BA30461-7AE3-E885-6114-8A1FD7EB45F5}.Release|Any CPU.ActiveCfg = Release|Any CPU
		{0BA30461-7AE3-E885-6114-8A1FD7EB45F5}.Release|Any CPU.Build.0 = Release|Any CPU
	EndGlobalSection
	GlobalSection(SolutionProperties) = preSolution
		HideSolutionNode = FALSE
	EndGlobalSection
																						GlobalSection(MonoDevelopProperties) = preSolution
		StartupItem = Assembly-CSharp.csproj
		Policies = $0
		$0.TextStylePolicy = $1
		$1.inheritsSet = null
		$1.scope = text/x-csharp
		$0.CSharpFormattingPolicy = $2
		$2.inheritsSet = Mono
		$2.inheritsScope = text/x-csharp
		$2.scope = text/x-csharp
		$0.TextStylePolicy = $3
		$3.FileWidth = 120
		$3.TabWidth = 4
		$3.EolMarker = Unix
		$3.inheritsSet = Mono
		$3.inheritsScope = text/plain
		$3.scope = text/plain
	EndGlobalSection

EndGlobal
